// !$*UTF8*$!
{
	archiveVersion = 1;
	classes = {
	};
	objectVersion = 46;
	objects = {

/* Begin PBXBuildFile section */
		60A853171D8C1B7F007294F7 /* AppDelegate.swift in Sources */ = {isa = PBXBuildFile; fileRef = 60A853161D8C1B7F007294F7 /* AppDelegate.swift */; };
		60A853191D8C1B7F007294F7 /* ViewController.swift in Sources */ = {isa = PBXBuildFile; fileRef = 60A853181D8C1B7F007294F7 /* ViewController.swift */; };
		60A8531C1D8C1B7F007294F7 /* Main.storyboard in Resources */ = {isa = PBXBuildFile; fileRef = 60A8531A1D8C1B7F007294F7 /* Main.storyboard */; };
		60A8531E1D8C1B7F007294F7 /* Assets.xcassets in Resources */ = {isa = PBXBuildFile; fileRef = 60A8531D1D8C1B7F007294F7 /* Assets.xcassets */; };
		60A853211D8C1B7F007294F7 /* LaunchScreen.storyboard in Resources */ = {isa = PBXBuildFile; fileRef = 60A8531F1D8C1B7F007294F7 /* LaunchScreen.storyboard */; };
		60A8532C1D8C1B7F007294F7 /* MOnekeyTests.swift in Sources */ = {isa = PBXBuildFile; fileRef = 60A8532B1D8C1B7F007294F7 /* MOnekeyTests.swift */; };
		60A853371D8C1B7F007294F7 /* MOnekeyUITests.swift in Sources */ = {isa = PBXBuildFile; fileRef = 60A853361D8C1B7F007294F7 /* MOnekeyUITests.swift */; };
/* End PBXBuildFile section */

/* Begin PBXContainerItemProxy section */
		60A853281D8C1B7F007294F7 /* PBXContainerItemProxy */ = {
			isa = PBXContainerItemProxy;
			containerPortal = 60A8530B1D8C1B7F007294F7 /* Project object */;
			proxyType = 1;
			remoteGlobalIDString = 60A853121D8C1B7F007294F7;
			remoteInfo = MOnekey;
		};
		60A853331D8C1B7F007294F7 /* PBXContainerItemProxy */ = {
			isa = PBXContainerItemProxy;
			containerPortal = 60A8530B1D8C1B7F007294F7 /* Project object */;
			proxyType = 1;
			remoteGlobalIDString = 60A853121D8C1B7F007294F7;
			remoteInfo = MOnekey;
		};
/* End PBXContainerItemProxy section */

/* Begin PBXFileReference section */
		60A853131D8C1B7F007294F7 /* MOnekey.app */ = {isa = PBXFileReference; explicitFileType = wrapper.application; includeInIndex = 0; path = MOnekey.app; sourceTree = BUILT_PRODUCTS_DIR; };
		60A853161D8C1B7F007294F7 /* AppDelegate.swift */ = {isa = PBXFileReference; lastKnownFileType = sourcecode.swift; path = AppDelegate.swift; sourceTree = "<group>"; };
		60A853181D8C1B7F007294F7 /* ViewController.swift */ = {isa = PBXFileReference; lastKnownFileType = sourcecode.swift; path = ViewController.swift; sourceTree = "<group>"; };
		60A8531B1D8C1B7F007294F7 /* Base */ = {isa = PBXFileReference; lastKnownFileType = file.storyboard; name = Base; path = Base.lproj/Main.storyboard; sourceTree = "<group>"; };
		60A8531D1D8C1B7F007294F7 /* Assets.xcassets */ = {isa = PBXFileReference; lastKnownFileType = folder.assetcatalog; path = Assets.xcassets; sourceTree = "<group>"; };
		60A853201D8C1B7F007294F7 /* Base */ = {isa = PBXFileReference; lastKnownFileType = file.storyboard; name = Base; path = Base.lproj/LaunchScreen.storyboard; sourceTree = "<group>"; };
		60A853221D8C1B7F007294F7 /* Info.plist */ = {isa = PBXFileReference; lastKnownFileType = text.plist.xml; path = Info.plist; sourceTree = "<group>"; };
		60A853271D8C1B7F007294F7 /* MOnekeyTests.xctest */ = {isa = PBXFileReference; explicitFileType = wrapper.cfbundle; includeInIndex = 0; path = MOnekeyTests.xctest; sourceTree = BUILT_PRODUCTS_DIR; };
		60A8532B1D8C1B7F007294F7 /* MOnekeyTests.swift */ = {isa = PBXFileReference; lastKnownFileType = sourcecode.swift; path = MOnekeyTests.swift; sourceTree = "<group>"; };
		60A8532D1D8C1B7F007294F7 /* Info.plist */ = {isa = PBXFileReference; lastKnownFileType = text.plist.xml; path = Info.plist; sourceTree = "<group>"; };
		60A853321D8C1B7F007294F7 /* MOnekeyUITests.xctest */ = {isa = PBXFileReference; explicitFileType = wrapper.cfbundle; includeInIndex = 0; path = MOnekeyUITests.xctest; sourceTree = BUILT_PRODUCTS_DIR; };
		60A853361D8C1B7F007294F7 /* MOnekeyUITests.swift */ = {isa = PBXFileReference; lastKnownFileType = sourcecode.swift; path = MOnekeyUITests.swift; sourceTree = "<group>"; };
		60A853381D8C1B7F007294F7 /* Info.plist */ = {isa = PBXFileReference; lastKnownFileType = text.plist.xml; path = Info.plist; sourceTree = "<group>"; };
/* End PBXFileReference section */

/* Begin PBXFrameworksBuildPhase section */
		60A853101D8C1B7F007294F7 /* Frameworks */ = {
			isa = PBXFrameworksBuildPhase;
			buildActionMask = 2147483647;
			files = (
			);
			runOnlyForDeploymentPostprocessing = 0;
		};
		60A853241D8C1B7F007294F7 /* Frameworks */ = {
			isa = PBXFrameworksBuildPhase;
			buildActionMask = 2147483647;
			files = (
			);
			runOnlyForDeploymentPostprocessing = 0;
		};
		60A8532F1D8C1B7F007294F7 /* Frameworks */ = {
			isa = PBXFrameworksBuildPhase;
			buildActionMask = 2147483647;
			files = (
			);
			runOnlyForDeploymentPostprocessing = 0;
		};
/* End PBXFrameworksBuildPhase section */

/* Begin PBXGroup section */
		60A8530A1D8C1B7F007294F7 = {
			isa = PBXGroup;
			children = (
				60A853151D8C1B7F007294F7 /* MOnekey */,
				60A8532A1D8C1B7F007294F7 /* MOnekeyTests */,
				60A853351D8C1B7F007294F7 /* MOnekeyUITests */,
				60A853141D8C1B7F007294F7 /* Products */,
			);
			sourceTree = "<group>";
		};
		60A853141D8C1B7F007294F7 /* Products */ = {
			isa = PBXGroup;
			children = (
				60A853131D8C1B7F007294F7 /* MOnekey.app */,
				60A853271D8C1B7F007294F7 /* MOnekeyTests.xctest */,
				60A853321D8C1B7F007294F7 /* MOnekeyUITests.xctest */,
			);
			name = Products;
			sourceTree = "<group>";
		};
		60A853151D8C1B7F007294F7 /* MOnekey */ = {
			isa = PBXGroup;
			children = (
				60A853161D8C1B7F007294F7 /* AppDelegate.swift */,
				60A853181D8C1B7F007294F7 /* ViewController.swift */,
				60A8531A1D8C1B7F007294F7 /* Main.storyboard */,
				60A8531D1D8C1B7F007294F7 /* Assets.xcassets */,
				60A8531F1D8C1B7F007294F7 /* LaunchScreen.storyboard */,
				60A853221D8C1B7F007294F7 /* Info.plist */,
			);
			path = MOnekey;
			sourceTree = "<group>";
		};
		60A8532A1D8C1B7F007294F7 /* MOnekeyTests */ = {
			isa = PBXGroup;
			children = (
				60A8532B1D8C1B7F007294F7 /* MOnekeyTests.swift */,
				60A8532D1D8C1B7F007294F7 /* Info.plist */,
			);
			path = MOnekeyTests;
			sourceTree = "<group>";
		};
		60A853351D8C1B7F007294F7 /* MOnekeyUITests */ = {
			isa = PBXGroup;
			children = (
				60A853361D8C1B7F007294F7 /* MOnekeyUITests.swift */,
				60A853381D8C1B7F007294F7 /* Info.plist */,
			);
			path = MOnekeyUITests;
			sourceTree = "<group>";
		};
/* End PBXGroup section */

/* Begin PBXNativeTarget section */
		60A853121D8C1B7F007294F7 /* MOnekey */ = {
			isa = PBXNativeTarget;
			buildConfigurationList = 60A8533B1D8C1B7F007294F7 /* Build configuration list for PBXNativeTarget "MOnekey" */;
			buildPhases = (
				60A8530F1D8C1B7F007294F7 /* Sources */,
				60A853101D8C1B7F007294F7 /* Frameworks */,
				60A853111D8C1B7F007294F7 /* Resources */,
			);
			buildRules = (
			);
			dependencies = (
			);
			name = MOnekey;
			productName = MOnekey;
			productReference = 60A853131D8C1B7F007294F7 /* MOnekey.app */;
			productType = "com.apple.product-type.application";
		};
		60A853261D8C1B7F007294F7 /* MOnekeyTests */ = {
			isa = PBXNativeTarget;
			buildConfigurationList = 60A8533E1D8C1B7F007294F7 /* Build configuration list for PBXNativeTarget "MOnekeyTests" */;
			buildPhases = (
				60A853231D8C1B7F007294F7 /* Sources */,
				60A853241D8C1B7F007294F7 /* Frameworks */,
				60A853251D8C1B7F007294F7 /* Resources */,
			);
			buildRules = (
			);
			dependencies = (
				60A853291D8C1B7F007294F7 /* PBXTargetDependency */,
			);
			name = MOnekeyTests;
			productName = MOnekeyTests;
			productReference = 60A853271D8C1B7F007294F7 /* MOnekeyTests.xctest */;
			productType = "com.apple.product-type.bundle.unit-test";
		};
		60A853311D8C1B7F007294F7 /* MOnekeyUITests */ = {
			isa = PBXNativeTarget;
			buildConfigurationList = 60A853411D8C1B7F007294F7 /* Build configuration list for PBXNativeTarget "MOnekeyUITests" */;
			buildPhases = (
				60A8532E1D8C1B7F007294F7 /* Sources */,
				60A8532F1D8C1B7F007294F7 /* Frameworks */,
				60A853301D8C1B7F007294F7 /* Resources */,
			);
			buildRules = (
			);
			dependencies = (
				60A853341D8C1B7F007294F7 /* PBXTargetDependency */,
			);
			name = MOnekeyUITests;
			productName = MOnekeyUITests;
			productReference = 60A853321D8C1B7F007294F7 /* MOnekeyUITests.xctest */;
			productType = "com.apple.product-type.bundle.ui-testing";
		};
/* End PBXNativeTarget section */

/* Begin PBXProject section */
		60A8530B1D8C1B7F007294F7 /* Project object */ = {
			isa = PBXProject;
			attributes = {
				LastSwiftUpdateCheck = 0730;
				LastUpgradeCheck = 0730;
				ORGANIZATIONNAME = "Rahul Agarwal";
				TargetAttributes = {
					60A853121D8C1B7F007294F7 = {
						CreatedOnToolsVersion = 7.3.1;
					};
					60A853261D8C1B7F007294F7 = {
						CreatedOnToolsVersion = 7.3.1;
						TestTargetID = 60A853121D8C1B7F007294F7;
					};
					60A853311D8C1B7F007294F7 = {
						CreatedOnToolsVersion = 7.3.1;
						TestTargetID = 60A853121D8C1B7F007294F7;
					};
				};
			};
			buildConfigurationList = 60A8530E1D8C1B7F007294F7 /* Build configuration list for PBXProject "MOnekey" */;
			compatibilityVersion = "Xcode 3.2";
			developmentRegion = English;
			hasScannedForEncodings = 0;
			knownRegions = (
				en,
				Base,
			);
			mainGroup = 60A8530A1D8C1B7F007294F7;
			productRefGroup = 60A853141D8C1B7F007294F7 /* Products */;
			projectDirPath = "";
			projectRoot = "";
			targets = (
				60A853121D8C1B7F007294F7 /* MOnekey */,
				60A853261D8C1B7F007294F7 /* MOnekeyTests */,
				60A853311D8C1B7F007294F7 /* MOnekeyUITests */,
			);
		};
/* End PBXProject section */

/* Begin PBXResourcesBuildPhase section */
		60A853111D8C1B7F007294F7 /* Resources */ = {
			isa = PBXResourcesBuildPhase;
			buildActionMask = 2147483647;
			files = (
				60A853211D8C1B7F007294F7 /* LaunchScreen.storyboard in Resources */,
				60A8531E1D8C1B7F007294F7 /* Assets.xcassets in Resources */,
				60A8531C1D8C1B7F007294F7 /* Main.storyboard in Resources */,
			);
			runOnlyForDeploymentPostprocessing = 0;
		};
		60A853251D8C1B7F007294F7 /* Resources */ = {
			isa = PBXResourcesBuildPhase;
			buildActionMask = 2147483647;
			files = (
			);
			runOnlyForDeploymentPostprocessing = 0;
		};
		60A853301D8C1B7F007294F7 /* Resources */ = {
			isa = PBXResourcesBuildPhase;
			buildActionMask = 2147483647;
			files = (
			);
			runOnlyForDeploymentPostprocessing = 0;
		};
/* End PBXResourcesBuildPhase section */

/* Begin PBXSourcesBuildPhase section */
		60A8530F1D8C1B7F007294F7 /* Sources */ = {
			isa = PBXSourcesBuildPhase;
			buildActionMask = 2147483647;
			files = (
				60A853191D8C1B7F007294F7 /* ViewController.swift in Sources */,
				60A853171D8C1B7F007294F7 /* AppDelegate.swift in Sources */,
			);
			runOnlyForDeploymentPostprocessing = 0;
		};
		60A853231D8C1B7F007294F7 /* Sources */ = {
			isa = PBXSourcesBuildPhase;
			buildActionMask = 2147483647;
			files = (
				60A8532C1D8C1B7F007294F7 /* MOnekeyTests.swift in Sources */,
			);
			runOnlyForDeploymentPostprocessing = 0;
		};
		60A8532E1D8C1B7F007294F7 /* Sources */ = {
			isa = PBXSourcesBuildPhase;
			buildActionMask = 2147483647;
			files = (
				60A853371D8C1B7F007294F7 /* MOnekeyUITests.swift in Sources */,
			);
			runOnlyForDeploymentPostprocessing = 0;
		};
/* End PBXSourcesBuildPhase section */

/* Begin PBXTargetDependency section */
		60A853291D8C1B7F007294F7 /* PBXTargetDependency */ = {
			isa = PBXTargetDependency;
			target = 60A853121D8C1B7F007294F7 /* MOnekey */;
			targetProxy = 60A853281D8C1B7F007294F7 /* PBXContainerItemProxy */;
		};
		60A853341D8C1B7F007294F7 /* PBXTargetDependency */ = {
			isa = PBXTargetDependency;
			target = 60A853121D8C1B7F007294F7 /* MOnekey */;
			targetProxy = 60A853331D8C1B7F007294F7 /* PBXContainerItemProxy */;
		};
/* End PBXTargetDependency section */

/* Begin PBXVariantGroup section */
		60A8531A1D8C1B7F007294F7 /* Main.storyboard */ = {
			isa = PBXVariantGroup;
			children = (
				60A8531B1D8C1B7F007294F7 /* Base */,
			);
			name = Main.storyboard;
			sourceTree = "<group>";
		};
		60A8531F1D8C1B7F007294F7 /* LaunchScreen.storyboard */ = {
			isa = PBXVariantGroup;
			children = (
				60A853201D8C1B7F007294F7 /* Base */,
			);
			name = LaunchScreen.storyboard;
			sourceTree = "<group>";
		};
/* End PBXVariantGroup section */

/* Begin XCBuildConfiguration section */
		60A853391D8C1B7F007294F7 /* Debug */ = {
			isa = XCBuildConfiguration;
			buildSettings = {
				ALWAYS_SEARCH_USER_PATHS = NO;
				CLANG_ANALYZER_NONNULL = YES;
				CLANG_CXX_LANGUAGE_STANDARD = "gnu++0x";
				CLANG_CXX_LIBRARY = "libc++";
				CLANG_ENABLE_MODULES = YES;
				CLANG_ENABLE_OBJC_ARC = YES;
				CLANG_WARN_BOOL_CONVERSION = YES;
				CLANG_WARN_CONSTANT_CONVERSION = YES;
				CLANG_WARN_DIRECT_OBJC_ISA_USAGE = YES_ERROR;
				CLANG_WARN_EMPTY_BODY = YES;
				CLANG_WARN_ENUM_CONVERSION = YES;
				CLANG_WARN_INT_CONVERSION = YES;
				CLANG_WARN_OBJC_ROOT_CLASS = YES_ERROR;
				CLANG_WARN_UNREACHABLE_CODE = YES;
				CLANG_WARN__DUPLICATE_METHOD_MATCH = YES;
				"CODE_SIGN_IDENTITY[sdk=iphoneos*]" = "iPhone Developer";
				COPY_PHASE_STRIP = NO;
				DEBUG_INFORMATION_FORMAT = dwarf;
				ENABLE_STRICT_OBJC_MSGSEND = YES;
				ENABLE_TESTABILITY = YES;
				GCC_C_LANGUAGE_STANDARD = gnu99;
				GCC_DYNAMIC_NO_PIC = NO;
				GCC_NO_COMMON_BLOCKS = YES;
				GCC_OPTIMIZATION_LEVEL = 0;
				GCC_PREPROCESSOR_DEFINITIONS = (
					"DEBUG=1",
					"$(inherited)",
				);
				GCC_WARN_64_TO_32_BIT_CONVERSION = YES;
				GCC_WARN_ABOUT_RETURN_TYPE = YES_ERROR;
				GCC_WARN_UNDECLARED_SELECTOR = YES;
				GCC_WARN_UNINITIALIZED_AUTOS = YES_AGGRESSIVE;
				GCC_WARN_UNUSED_FUNCTION = YES;
				GCC_WARN_UNUSED_VARIABLE = YES;
				IPHONEOS_DEPLOYMENT_TARGET = 9.3;
				MTL_ENABLE_DEBUG_INFO = YES;
				ONLY_ACTIVE_ARCH = YES;
				SDKROOT = iphoneos;
				SWIFT_OPTIMIZATION_LEVEL = "-Onone";
			};
			name = Debug;
		};
		60A8533A1D8C1B7F007294F7 /* Release */ = {
			isa = XCBuildConfiguration;
			buildSettings = {
				ALWAYS_SEARCH_USER_PATHS = NO;
				CLANG_ANALYZER_NONNULL = YES;
				CLANG_CXX_LANGUAGE_STANDARD = "gnu++0x";
				CLANG_CXX_LIBRARY = "libc++";
				CLANG_ENABLE_MODULES = YES;
				CLANG_ENABLE_OBJC_ARC = YES;
				CLANG_WARN_BOOL_CONVERSION = YES;
				CLANG_WARN_CONSTANT_CONVERSION = YES;
				CLANG_WARN_DIRECT_OBJC_ISA_USAGE = YES_ERROR;
				CLANG_WARN_EMPTY_BODY = YES;
				CLANG_WARN_ENUM_CONVERSION = YES;
				CLANG_WARN_INT_CONVERSION = YES;
				CLANG_WARN_OBJC_ROOT_CLASS = YES_ERROR;
				CLANG_WARN_UNREACHABLE_CODE = YES;
				CLANG_WARN__DUPLICATE_METHOD_MATCH = YES;
				"CODE_SIGN_IDENTITY[sdk=iphoneos*]" = "iPhone Developer";
				COPY_PHASE_STRIP = NO;
				DEBUG_INFORMATION_FORMAT = "dwarf-with-dsym";
				ENABLE_NS_ASSERTIONS = NO;
				ENABLE_STRICT_OBJC_MSGSEND = YES;
				GCC_C_LANGUAGE_STANDARD = gnu99;
				GCC_NO_COMMON_BLOCKS = YES;
				GCC_WARN_64_TO_32_BIT_CONVERSION = YES;
				GCC_WARN_ABOUT_RETURN_TYPE = YES_ERROR;
				GCC_WARN_UNDECLARED_SELECTOR = YES;
				GCC_WARN_UNINITIALIZED_AUTOS = YES_AGGRESSIVE;
				GCC_WARN_UNUSED_FUNCTION = YES;
				GCC_WARN_UNUSED_VARIABLE = YES;
				IPHONEOS_DEPLOYMENT_TARGET = 9.3;
				MTL_ENABLE_DEBUG_INFO = NO;
				SDKROOT = iphoneos;
				VALIDATE_PRODUCT = YES;
			};
			name = Release;
		};
		60A8533C1D8C1B7F007294F7 /* Debug */ = {
			isa = XCBuildConfiguration;
			buildSettings = {
				ASSETCATALOG_COMPILER_APPICON_NAME = AppIcon;
				INFOPLIST_FILE = MOnekey/Info.plist;
				LD_RUNPATH_SEARCH_PATHS = "$(inherited) @executable_path/Frameworks";
				PRODUCT_BUNDLE_IDENTIFIER = "Agarwal-Rahul.MOnekey";
				PRODUCT_NAME = "$(TARGET_NAME)";
			};
			name = Debug;
		};
		60A8533D1D8C1B7F007294F7 /* Release */ = {
			isa = XCBuildConfiguration;
			buildSettings = {
				ASSETCATALOG_COMPILER_APPICON_NAME = AppIcon;
				INFOPLIST_FILE = MOnekey/Info.plist;
				LD_RUNPATH_SEARCH_PATHS = "$(inherited) @executable_path/Frameworks";
				PRODUCT_BUNDLE_IDENTIFIER = "Agarwal-Rahul.MOnekey";
				PRODUCT_NAME = "$(TARGET_NAME)";
			};
			name = Release;
		};
		60A8533F1D8C1B7F007294F7 /* Debug */ = {
			isa = XCBuildConfiguration;
			buildSettings = {
				BUNDLE_LOADER = "$(TEST_HOST)";
				INFOPLIST_FILE = MOnekeyTests/Info.plist;
				LD_RUNPATH_SEARCH_PATHS = "$(inherited) @executable_path/Frameworks @loader_path/Frameworks";
				PRODUCT_BUNDLE_IDENTIFIER = "Agarwal-Rahul.MOnekeyTests";
				PRODUCT_NAME = "$(TARGET_NAME)";
				TEST_HOST = "$(BUILT_PRODUCTS_DIR)/MOnekey.app/MOnekey";
			};
			name = Debug;
		};
		60A853401D8C1B7F007294F7 /* Release */ = {
			isa = XCBuildConfiguration;
			buildSettings = {
				BUNDLE_LOADER = "$(TEST_HOST)";
				INFOPLIST_FILE = MOnekeyTests/Info.plist;
				LD_RUNPATH_SEARCH_PATHS = "$(inherited) @executable_path/Frameworks @loader_path/Frameworks";
				PRODUCT_BUNDLE_IDENTIFIER = "Agarwal-Rahul.MOnekeyTests";
				PRODUCT_NAME = "$(TARGET_NAME)";
				TEST_HOST = "$(BUILT_PRODUCTS_DIR)/MOnekey.app/MOnekey";
			};
			name = Release;
		};
		60A853421D8C1B7F007294F7 /* Debug */ = {
			isa = XCBuildConfiguration;
			buildSettings = {
				INFOPLIST_FILE = MOnekeyUITests/Info.plist;
				LD_RUNPATH_SEARCH_PATHS = "$(inherited) @executable_path/Frameworks @loader_path/Frameworks";
				PRODUCT_BUNDLE_IDENTIFIER = "Agarwal-Rahul.MOnekeyUITests";
				PRODUCT_NAME = "$(TARGET_NAME)";
				TEST_TARGET_NAME = MOnekey;
			};
			name = Debug;
		};
		60A853431D8C1B7F007294F7 /* Release */ = {
			isa = XCBuildConfiguration;
			buildSettings = {
				INFOPLIST_FILE = MOnekeyUITests/Info.plist;
				LD_RUNPATH_SEARCH_PATHS = "$(inherited) @executable_path/Frameworks @loader_path/Frameworks";
				PRODUCT_BUNDLE_IDENTIFIER = "Agarwal-Rahul.MOnekeyUITests";
				PRODUCT_NAME = "$(TARGET_NAME)";
				TEST_TARGET_NAME = MOnekey;
			};
			name = Release;
		};
/* End XCBuildConfiguration section */

/* Begin XCConfigurationList section */
		60A8530E1D8C1B7F007294F7 /* Build configuration list for PBXProject "MOnekey" */ = {
			isa = XCConfigurationList;
			buildConfigurations = (
				60A853391D8C1B7F007294F7 /* Debug */,
				60A8533A1D8C1B7F007294F7 /* Release */,
			);
			defaultConfigurationIsVisible = 0;
			defaultConfigurationName = Release;
		};
		60A8533B1D8C1B7F007294F7 /* Build configuration list for PBXNativeTarget "MOnekey" */ = {
			isa = XCConfigurationList;
			buildConfigurations = (
				60A8533C1D8C1B7F007294F7 /* Debug */,
				60A8533D1D8C1B7F007294F7 /* Release */,
			);
			defaultConfigurationIsVisible = 0;
		};
		60A8533E1D8C1B7F007294F7 /* Build configuration list for PBXNativeTarget "MOnekeyTests" */ = {
			isa = XCConfigurationList;
			buildConfigurations = (
				60A8533F1D8C1B7F007294F7 /* Debug */,
				60A853401D8C1B7F007294F7 /* Release */,
			);
			defaultConfigurationIsVisible = 0;
		};
		60A853411D8C1B7F007294F7 /* Build configuration list for PBXNativeTarget "MOnekeyUITests" */ = {
			isa = XCConfigurationList;
			buildConfigurations = (
				60A853421D8C1B7F007294F7 /* Debug */,
				60A853431D8C1B7F007294F7 /* Release */,
			);
			defaultConfigurationIsVisible = 0;
		};
/* End XCConfigurationList section */
	};
	rootObject = 60A8530B1D8C1B7F007294F7 /* Project object */;
}
